
Microsoft Visual Studio Solution File, Format Version 12.00
# Visual Studio Version 16
VisualStudioVersion = 16.0.29905.134
MinimumVisualStudioVersion = 10.0.40219.1
Project("{FAE04EC0-301F-11D3-BF4B-00C04F79EFBC}") = "Homework04", "Homework04\Homework04.csproj", "{59ECA667-19AC-4B20-AB16-A95D70AED433}"
EndProject
Global
	GlobalSection(SolutionConfigurationPlatforms) = preSolution
		Debug|Any CPU = Debug|Any CPU
		Release|Any CPU = Release|Any CPU
	EndGlobalSection
	GlobalSection(ProjectConfigurationPlatforms) = postSolution
		{59ECA667-19AC-4B20-AB16-A95D70AED433}.Debug|Any CPU.ActiveCfg = Debug|Any CPU
		{59ECA667-19AC-4B20-AB16-A95D70AED433}.Debug|Any CPU.Build.0 = Debug|Any CPU
		{59ECA667-19AC-4B20-AB16-A95D70AED433}.Release|Any CPU.ActiveCfg = Release|Any CPU
		{59ECA667-19AC-4B20-AB16-A95D70AED433}.Release|Any CPU.Build.0 = Release|Any CPU
	EndGlobalSection
	GlobalSection(SolutionProperties) = preSolution
		HideSolutionNode = FALSE
	EndGlobalSection
	GlobalSection(ExtensibilityGlobals) = postSolution
		SolutionGuid = {AA36EE13-E15A-4C3C-BF5E-01B0EF335445}
	EndGlobalSection
EndGlobal
