
Microsoft Visual Studio Solution File, Format Version 12.00
# Visual Studio Version 16
VisualStudioVersion = 16.0.29905.134
MinimumVisualStudioVersion = 10.0.40219.1
Project("{FAE04EC0-301F-11D3-BF4B-00C04F79EFBC}") = "Homework06", "Homework06\Homework06.csproj", "{62A73C92-B426-441C-B43F-ED3B947374A6}"
EndProject
Global
	GlobalSection(SolutionConfigurationPlatforms) = preSolution
		Debug|Any CPU = Debug|Any CPU
		Release|Any CPU = Release|Any CPU
	EndGlobalSection
	GlobalSection(ProjectConfigurationPlatforms) = postSolution
		{62A73C92-B426-441C-B43F-ED3B947374A6}.Debug|Any CPU.ActiveCfg = Debug|Any CPU
		{62A73C92-B426-441C-B43F-ED3B947374A6}.Debug|Any CPU.Build.0 = Debug|Any CPU
		{62A73C92-B426-441C-B43F-ED3B947374A6}.Release|Any CPU.ActiveCfg = Release|Any CPU
		{62A73C92-B426-441C-B43F-ED3B947374A6}.Release|Any CPU.Build.0 = Release|Any CPU
	EndGlobalSection
	GlobalSection(SolutionProperties) = preSolution
		HideSolutionNode = FALSE
	EndGlobalSection
	GlobalSection(ExtensibilityGlobals) = postSolution
		SolutionGuid = {AC1D3F92-0728-4577-B531-201C44459EA2}
	EndGlobalSection
EndGlobal
