
Microsoft Visual Studio Solution File, Format Version 12.00
# Visual Studio Version 16
VisualStudioVersion = 16.0.29905.134
MinimumVisualStudioVersion = 10.0.40219.1
Project("{FAE04EC0-301F-11D3-BF4B-00C04F79EFBC}") = "Homework07", "Homework07\Homework07.csproj", "{2F6A5684-70B2-4177-BBEA-677D27ABCDE8}"
EndProject
Global
	GlobalSection(SolutionConfigurationPlatforms) = preSolution
		Debug|Any CPU = Debug|Any CPU
		Release|Any CPU = Release|Any CPU
	EndGlobalSection
	GlobalSection(ProjectConfigurationPlatforms) = postSolution
		{2F6A5684-70B2-4177-BBEA-677D27ABCDE8}.Debug|Any CPU.ActiveCfg = Debug|Any CPU
		{2F6A5684-70B2-4177-BBEA-677D27ABCDE8}.Debug|Any CPU.Build.0 = Debug|Any CPU
		{2F6A5684-70B2-4177-BBEA-677D27ABCDE8}.Release|Any CPU.ActiveCfg = Release|Any CPU
		{2F6A5684-70B2-4177-BBEA-677D27ABCDE8}.Release|Any CPU.Build.0 = Release|Any CPU
	EndGlobalSection
	GlobalSection(SolutionProperties) = preSolution
		HideSolutionNode = FALSE
	EndGlobalSection
	GlobalSection(ExtensibilityGlobals) = postSolution
		SolutionGuid = {1AC08B8C-8A31-4BD0-9E97-52BA64C741E0}
	EndGlobalSection
EndGlobal
